
Microsoft Visual Studio Solution File, Format Version 12.00
# Visual Studio Version 16
VisualStudioVersion = 16.0.30330.147
MinimumVisualStudioVersion = 10.0.40219.1
Project("{FAE04EC0-301F-11D3-BF4B-00C04F79EFBC}") = "AsynchronousDemo", "AsynchronousDemo\AsynchronousDemo.csproj", "{77643A6C-AB64-4C43-AE87-69CF17795B68}"
EndProject
Global
	GlobalSection(SolutionConfigurationPlatforms) = preSolution
		Debug|Any CPU = Debug|Any CPU
		Release|Any CPU = Release|Any CPU
	EndGlobalSection
	GlobalSection(ProjectConfigurationPlatforms) = postSolution
		{77643A6C-AB64-4C43-AE87-69CF17795B68}.Debug|Any CPU.ActiveCfg = Debug|Any CPU
		{77643A6C-AB64-4C43-AE87-69CF17795B68}.Debug|Any CPU.Build.0 = Debug|Any CPU
		{77643A6C-AB64-4C43-AE87-69CF17795B68}.Release|Any CPU.ActiveCfg = Release|Any CPU
		{77643A6C-AB64-4C43-AE87-69CF17795B68}.Release|Any CPU.Build.0 = Release|Any CPU
	EndGlobalSection
	GlobalSection(SolutionProperties) = preSolution
		HideSolutionNode = FALSE
	EndGlobalSection
	GlobalSection(ExtensibilityGlobals) = postSolution
		SolutionGuid = {C92FB5DB-E970-41E4-B36B-E8B9E4BD7C3D}
	EndGlobalSection
EndGlobal
